
Microsoft Visual Studio Solution File, Format Version 12.00
# Visual Studio Version 17
VisualStudioVersion = 17.8.34525.116
MinimumVisualStudioVersion = 10.0.40219.1
Project("{FAE04EC0-301F-11D3-BF4B-00C04F79EFBC}") = "Graph-Prim’s-Minimum-Spanning-Tree", "Graph-Prim’s-Minimum-Spanning-Tree.csproj", "{464FFFC8-D2B1-447B-8F6A-E7119F829336}"
EndProject
Global
	GlobalSection(SolutionConfigurationPlatforms) = preSolution
		Debug|Any CPU = Debug|Any CPU
		Release|Any CPU = Release|Any CPU
	EndGlobalSection
	GlobalSection(ProjectConfigurationPlatforms) = postSolution
		{464FFFC8-D2B1-447B-8F6A-E7119F829336}.Debug|Any CPU.ActiveCfg = Debug|Any CPU
		{464FFFC8-D2B1-447B-8F6A-E7119F829336}.Debug|Any CPU.Build.0 = Debug|Any CPU
		{464FFFC8-D2B1-447B-8F6A-E7119F829336}.Release|Any CPU.ActiveCfg = Release|Any CPU
		{464FFFC8-D2B1-447B-8F6A-E7119F829336}.Release|Any CPU.Build.0 = Release|Any CPU
	EndGlobalSection
	GlobalSection(SolutionProperties) = preSolution
		HideSolutionNode = FALSE
	EndGlobalSection
	GlobalSection(ExtensibilityGlobals) = postSolution
		SolutionGuid = {D4AF1071-3946-47BF-B8E5-F3DFEBB6CB2B}
	EndGlobalSection
EndGlobal
