
Microsoft Visual Studio Solution File, Format Version 12.00
# Visual Studio Version 17
VisualStudioVersion = 17.8.34525.116
MinimumVisualStudioVersion = 10.0.40219.1
Project("{FAE04EC0-301F-11D3-BF4B-00C04F79EFBC}") = "C#", "C#\C#.csproj", "{2AD6C806-1D8D-4494-9788-82C4DCB4767C}"
EndProject
Global
	GlobalSection(SolutionConfigurationPlatforms) = preSolution
		Debug|Any CPU = Debug|Any CPU
		Release|Any CPU = Release|Any CPU
	EndGlobalSection
	GlobalSection(ProjectConfigurationPlatforms) = postSolution
		{2AD6C806-1D8D-4494-9788-82C4DCB4767C}.Debug|Any CPU.ActiveCfg = Debug|Any CPU
		{2AD6C806-1D8D-4494-9788-82C4DCB4767C}.Debug|Any CPU.Build.0 = Debug|Any CPU
		{2AD6C806-1D8D-4494-9788-82C4DCB4767C}.Release|Any CPU.ActiveCfg = Release|Any CPU
		{2AD6C806-1D8D-4494-9788-82C4DCB4767C}.Release|Any CPU.Build.0 = Release|Any CPU
	EndGlobalSection
	GlobalSection(SolutionProperties) = preSolution
		HideSolutionNode = FALSE
	EndGlobalSection
	GlobalSection(ExtensibilityGlobals) = postSolution
		SolutionGuid = {ABDA0471-09BB-4423-9463-EB48B13C3B5B}
	EndGlobalSection
EndGlobal
