
Microsoft Visual Studio Solution File, Format Version 12.00
# Visual Studio Version 17
VisualStudioVersion = 17.8.34525.116
MinimumVisualStudioVersion = 10.0.40219.1
Project("{FAE04EC0-301F-11D3-BF4B-00C04F79EFBC}") = "C#", "C#\C#.csproj", "{0D3C0117-2098-419D-92D1-26DAEE134EFD}"
EndProject
Global
	GlobalSection(SolutionConfigurationPlatforms) = preSolution
		Debug|Any CPU = Debug|Any CPU
		Release|Any CPU = Release|Any CPU
	EndGlobalSection
	GlobalSection(ProjectConfigurationPlatforms) = postSolution
		{0D3C0117-2098-419D-92D1-26DAEE134EFD}.Debug|Any CPU.ActiveCfg = Debug|Any CPU
		{0D3C0117-2098-419D-92D1-26DAEE134EFD}.Debug|Any CPU.Build.0 = Debug|Any CPU
		{0D3C0117-2098-419D-92D1-26DAEE134EFD}.Release|Any CPU.ActiveCfg = Release|Any CPU
		{0D3C0117-2098-419D-92D1-26DAEE134EFD}.Release|Any CPU.Build.0 = Release|Any CPU
	EndGlobalSection
	GlobalSection(SolutionProperties) = preSolution
		HideSolutionNode = FALSE
	EndGlobalSection
	GlobalSection(ExtensibilityGlobals) = postSolution
		SolutionGuid = {827CA3A2-46C7-4579-B075-19135BAC9092}
	EndGlobalSection
EndGlobal
