
Microsoft Visual Studio Solution File, Format Version 12.00
# Visual Studio Version 17
VisualStudioVersion = 17.8.34525.116
MinimumVisualStudioVersion = 10.0.40219.1
Project("{FAE04EC0-301F-11D3-BF4B-00C04F79EFBC}") = "C#", "C#\C#.csproj", "{144A77B7-0A1F-4090-98F6-7F448FB12296}"
EndProject
Project("{8BC9CEB8-8B4A-11D0-8D11-00A0C91BC942}") = "C++", "C++\C++.vcxproj", "{097AB1BD-3650-477F-81BB-B47DB489FA09}"
EndProject
Project("{9092AA53-FB77-4645-B42D-1CCCA6BD08BD}") = "Nodejs", "Nodejs\Nodejs.njsproj", "{B5D4D645-25B4-4DD7-9B33-BB4E609CB45F}"
EndProject
Global
	GlobalSection(SolutionConfigurationPlatforms) = preSolution
		Debug|Any CPU = Debug|Any CPU
		Debug|x64 = Debug|x64
		Debug|x86 = Debug|x86
		Release|Any CPU = Release|Any CPU
		Release|x64 = Release|x64
		Release|x86 = Release|x86
	EndGlobalSection
	GlobalSection(ProjectConfigurationPlatforms) = postSolution
		{144A77B7-0A1F-4090-98F6-7F448FB12296}.Debug|Any CPU.ActiveCfg = Debug|Any CPU
		{144A77B7-0A1F-4090-98F6-7F448FB12296}.Debug|Any CPU.Build.0 = Debug|Any CPU
		{144A77B7-0A1F-4090-98F6-7F448FB12296}.Debug|x64.ActiveCfg = Debug|Any CPU
		{144A77B7-0A1F-4090-98F6-7F448FB12296}.Debug|x64.Build.0 = Debug|Any CPU
		{144A77B7-0A1F-4090-98F6-7F448FB12296}.Debug|x86.ActiveCfg = Debug|Any CPU
		{144A77B7-0A1F-4090-98F6-7F448FB12296}.Debug|x86.Build.0 = Debug|Any CPU
		{144A77B7-0A1F-4090-98F6-7F448FB12296}.Release|Any CPU.ActiveCfg = Release|Any CPU
		{144A77B7-0A1F-4090-98F6-7F448FB12296}.Release|Any CPU.Build.0 = Release|Any CPU
		{144A77B7-0A1F-4090-98F6-7F448FB12296}.Release|x64.ActiveCfg = Release|Any CPU
		{144A77B7-0A1F-4090-98F6-7F448FB12296}.Release|x64.Build.0 = Release|Any CPU
		{144A77B7-0A1F-4090-98F6-7F448FB12296}.Release|x86.ActiveCfg = Release|Any CPU
		{144A77B7-0A1F-4090-98F6-7F448FB12296}.Release|x86.Build.0 = Release|Any CPU
		{097AB1BD-3650-477F-81BB-B47DB489FA09}.Debug|Any CPU.ActiveCfg = Debug|x64
		{097AB1BD-3650-477F-81BB-B47DB489FA09}.Debug|Any CPU.Build.0 = Debug|x64
		{097AB1BD-3650-477F-81BB-B47DB489FA09}.Debug|x64.ActiveCfg = Debug|x64
		{097AB1BD-3650-477F-81BB-B47DB489FA09}.Debug|x64.Build.0 = Debug|x64
		{097AB1BD-3650-477F-81BB-B47DB489FA09}.Debug|x86.ActiveCfg = Debug|Win32
		{097AB1BD-3650-477F-81BB-B47DB489FA09}.Debug|x86.Build.0 = Debug|Win32
		{097AB1BD-3650-477F-81BB-B47DB489FA09}.Release|Any CPU.ActiveCfg = Release|x64
		{097AB1BD-3650-477F-81BB-B47DB489FA09}.Release|Any CPU.Build.0 = Release|x64
		{097AB1BD-3650-477F-81BB-B47DB489FA09}.Release|x64.ActiveCfg = Release|x64
		{097AB1BD-3650-477F-81BB-B47DB489FA09}.Release|x64.Build.0 = Release|x64
		{097AB1BD-3650-477F-81BB-B47DB489FA09}.Release|x86.ActiveCfg = Release|Win32
		{097AB1BD-3650-477F-81BB-B47DB489FA09}.Release|x86.Build.0 = Release|Win32
		{B5D4D645-25B4-4DD7-9B33-BB4E609CB45F}.Debug|Any CPU.ActiveCfg = Debug|Any CPU
		{B5D4D645-25B4-4DD7-9B33-BB4E609CB45F}.Debug|Any CPU.Build.0 = Debug|Any CPU
		{B5D4D645-25B4-4DD7-9B33-BB4E609CB45F}.Debug|x64.ActiveCfg = Debug|Any CPU
		{B5D4D645-25B4-4DD7-9B33-BB4E609CB45F}.Debug|x64.Build.0 = Debug|Any CPU
		{B5D4D645-25B4-4DD7-9B33-BB4E609CB45F}.Debug|x86.ActiveCfg = Debug|Any CPU
		{B5D4D645-25B4-4DD7-9B33-BB4E609CB45F}.Debug|x86.Build.0 = Debug|Any CPU
		{B5D4D645-25B4-4DD7-9B33-BB4E609CB45F}.Release|Any CPU.ActiveCfg = Release|Any CPU
		{B5D4D645-25B4-4DD7-9B33-BB4E609CB45F}.Release|Any CPU.Build.0 = Release|Any CPU
		{B5D4D645-25B4-4DD7-9B33-BB4E609CB45F}.Release|x64.ActiveCfg = Release|Any CPU
		{B5D4D645-25B4-4DD7-9B33-BB4E609CB45F}.Release|x64.Build.0 = Release|Any CPU
		{B5D4D645-25B4-4DD7-9B33-BB4E609CB45F}.Release|x86.ActiveCfg = Release|Any CPU
		{B5D4D645-25B4-4DD7-9B33-BB4E609CB45F}.Release|x86.Build.0 = Release|Any CPU
	EndGlobalSection
	GlobalSection(SolutionProperties) = preSolution
		HideSolutionNode = FALSE
	EndGlobalSection
	GlobalSection(ExtensibilityGlobals) = postSolution
		SolutionGuid = {AFF65F20-7A77-430B-ACCC-7528EB1B2ECE}
	EndGlobalSection
EndGlobal
