
Microsoft Visual Studio Solution File, Format Version 12.00
# Visual Studio Version 17
VisualStudioVersion = 17.8.34525.116
MinimumVisualStudioVersion = 10.0.40219.1
Project("{FAE04EC0-301F-11D3-BF4B-00C04F79EFBC}") = "Array-Operations-Implementation", "Array-Operations-Implementation.csproj", "{4CA78415-F7C7-4C99-9419-9D9A0D41E16A}"
EndProject
Global
	GlobalSection(SolutionConfigurationPlatforms) = preSolution
		Debug|Any CPU = Debug|Any CPU
		Release|Any CPU = Release|Any CPU
	EndGlobalSection
	GlobalSection(ProjectConfigurationPlatforms) = postSolution
		{4CA78415-F7C7-4C99-9419-9D9A0D41E16A}.Debug|Any CPU.ActiveCfg = Debug|Any CPU
		{4CA78415-F7C7-4C99-9419-9D9A0D41E16A}.Debug|Any CPU.Build.0 = Debug|Any CPU
		{4CA78415-F7C7-4C99-9419-9D9A0D41E16A}.Release|Any CPU.ActiveCfg = Release|Any CPU
		{4CA78415-F7C7-4C99-9419-9D9A0D41E16A}.Release|Any CPU.Build.0 = Release|Any CPU
	EndGlobalSection
	GlobalSection(SolutionProperties) = preSolution
		HideSolutionNode = FALSE
	EndGlobalSection
	GlobalSection(ExtensibilityGlobals) = postSolution
		SolutionGuid = {54E6B347-8FAC-481F-BA61-908A81CA6D7F}
	EndGlobalSection
EndGlobal
