
Microsoft Visual Studio Solution File, Format Version 12.00
# Visual Studio Version 17
VisualStudioVersion = 17.8.34525.116
MinimumVisualStudioVersion = 10.0.40219.1
Project("{FAE04EC0-301F-11D3-BF4B-00C04F79EFBC}") = "Greedy-Fractional-Knapsack-Problem", "Greedy-Fractional-Knapsack-Problem.csproj", "{10545A47-64F4-4795-B3CF-6B0EF8768FF8}"
EndProject
Global
	GlobalSection(SolutionConfigurationPlatforms) = preSolution
		Debug|Any CPU = Debug|Any CPU
		Release|Any CPU = Release|Any CPU
	EndGlobalSection
	GlobalSection(ProjectConfigurationPlatforms) = postSolution
		{10545A47-64F4-4795-B3CF-6B0EF8768FF8}.Debug|Any CPU.ActiveCfg = Debug|Any CPU
		{10545A47-64F4-4795-B3CF-6B0EF8768FF8}.Debug|Any CPU.Build.0 = Debug|Any CPU
		{10545A47-64F4-4795-B3CF-6B0EF8768FF8}.Release|Any CPU.ActiveCfg = Release|Any CPU
		{10545A47-64F4-4795-B3CF-6B0EF8768FF8}.Release|Any CPU.Build.0 = Release|Any CPU
	EndGlobalSection
	GlobalSection(SolutionProperties) = preSolution
		HideSolutionNode = FALSE
	EndGlobalSection
	GlobalSection(ExtensibilityGlobals) = postSolution
		SolutionGuid = {72DC7CC0-6183-4A8A-87C5-6E43CF0BFD72}
	EndGlobalSection
EndGlobal
